{"1.2.0",
[{<<"aebytecode">>,
  {git,"https://github.com/aeternity/aebytecode.git",
       {ref,"8269dbd71e9011921c60141636f1baa270a0e784"}},
  0},
 {<<"aeserialization">>,
  {git,"https://github.com/aeternity/aeserialization.git",
       {ref,"eb68fe331bd476910394966b7f5ede7a74d37e35"}},
  0},
 {<<"aesophia">>,
  {git,"https://github.com/aeternity/aesophia.git",
       {ref,"256df25af4274dc5daadb36b252460b1be39a747"}},
  0},
 {<<"base58">>,
  {git,"https://github.com/aeternity/erl-base58.git",
       {ref,"60a335668a60328a29f9731b67c4a0e9e3d50ab6"}},
  1},
 {<<"cowboy">>,
  {git,"https://github.com/ninenines/cowboy.git",
       {ref,"04ca4c5d31a92d4d3de087bbd7d6021dc4a6d409"}},
  0},
 {<<"cowlib">>,
  {git,"https://github.com/ninenines/cowlib",
       {ref,"e9448e5628c8c1d9083223ff973af8de31a566d1"}},
  1},
 {<<"eblake2">>,{pkg,<<"eblake2">>,<<"1.0.0">>},0},
 {<<"enacl">>,
  {git,"https://github.com/aeternity/enacl.git",
       {ref,"793ddb502f7fe081302e1c42227dca70b09f8e17"}},
  1},
 {<<"getopt">>,{pkg,<<"getopt">>,<<"1.0.1">>},1},
 {<<"jesse">>,
  {git,"https://github.com/for-GET/jesse.git",
       {ref,"ef0e038a0efa27c7e42fc6cfd963d06eec7c33d8"}},
  0},
 {<<"jsx">>,
  {git,"https://github.com/talentdeficit/jsx.git",
       {ref,"e8d2e01b608e0670a4f82e35ccb5ef3f86115423"}},
  0},
 {<<"ranch">>,
  {git,"https://github.com/ninenines/ranch",
       {ref,"a692f44567034dacf5efcaa24a24183788594eb7"}},
  1},
 {<<"rfc3339">>,{pkg,<<"rfc3339">>,<<"0.2.2">>},1}]}.
[
{pkg_hash,[
 {<<"eblake2">>, <<"EC8AD20E438AAB3F2E8D5D118C366A0754219195F8A0F536587440F8F9BCF2EF">>},
 {<<"getopt">>, <<"C73A9FA687B217F2FF79F68A3B637711BB1936E712B521D8CE466B29CBF7808A">>},
 {<<"rfc3339">>, <<"1552DF616ACA368D982E9F085A0E933B6688A3F4938A671798978EC2C0C58730">>}]},
{pkg_hash_ext,[
 {<<"eblake2">>, <<"3C4D300A91845B25D501929A26AC2E6F7157480846FAB2347A4C11AE52E08A99">>},
 {<<"getopt">>, <<"53E1AB83B9CEB65C9672D3E7A35B8092E9BDC9B3EE80721471A161C10C59959C">>},
 {<<"rfc3339">>, <<"986D7F9BAC6891AA4D5051690058DE4E623245620BBEADA7F239F85C4DF8F23C">>}]}
].
