{"1.1.0",
[{<<"aebytecode">>,
  {git,"https://github.com/aeternity/aebytecode.git",
       {ref,"c5a9878bd9c56f623fe2caad30a1ead3dac1f391"}},
  1},
 {<<"aesophia">>,
  {git,"https://github.com/aeternity/aesophia.git",
       {ref,"bcdf311096c8d1225a4fdaf3c5e9a0240b297185"}},
  0},
 {<<"base58">>,
  {git,"https://github.com/aeternity/erl-base58.git",
       {ref,"60a335668a60328a29f9731b67c4a0e9e3d50ab6"}},
  0},
 {<<"cowboy">>,
  {git,"https://github.com/ninenines/cowboy.git",
       {ref,"8d49ae3dda5b4274e55d2f4e5a5b4da0515b5a10"}},
  0},
 {<<"cowlib">>,
  {git,"https://github.com/ninenines/cowlib",
       {ref,"3ef5b48a028bb66f82b452c98ae515903096641c"}},
  1},
 {<<"enacl">>,
  {git,"https://github.com/aeternity/enacl.git",
       {ref,"26180f42c0b3a450905d2efd8bc7fd5fd9cece75"}},
  0},
 {<<"getopt">>,{pkg,<<"getopt">>,<<"1.0.1">>},1},
 {<<"jesse">>,
  {git,"https://github.com/for-GET/jesse.git",
       {ref,"9f9d050627093d6a43e02a102d78122f0c4989c8"}},
  0},
 {<<"jsx">>,
  {git,"https://github.com/talentdeficit/jsx.git",
       {ref,"3074d4865b3385a050badf7828ad31490d860df5"}},
  0},
 {<<"ranch">>,
  {git,"https://github.com/ninenines/ranch",
       {ref,"55c2a9d623454f372a15e99721a37093d8773b48"}},
  1},
 {<<"rfc3339">>,
  {git,"git://github.com/andreineculau/rfc3339.git",
       {ref,"dcc77d66430490620677de8140a3415dfbd3fa61"}},
  1}]}.
[
{pkg_hash,[
 {<<"getopt">>, <<"C73A9FA687B217F2FF79F68A3B637711BB1936E712B521D8CE466B29CBF7808A">>}]}
].
